{
  "nodes": {
    "click": {
      "inputs": {
        "flake-lib": [
          "diffusers",
          "huggingface-hub",
          "flake-lib"
        ],
        "flake-utils": [
          "diffusers",
          "huggingface-hub",
          "flake-utils"
        ],
        "nixpkgs": [
          "diffusers",
          "huggingface-hub",
          "nixpkgs"
        ]
      },
      "locked": {
        "lastModified": 1789733002,
        "narHash": "sha256-vae3NJJANLWPeGcFsLrm1kjLIKiAT+ITa4td3NNueoE=",
        "owner": "jgus-org",
        "repo": "click-flake",
        "rev": "3ef2f3070ff7cba20b29226ceae91a36b73d17c4",
        "type": "github"
      },
      "original": {
        "owner": "jgus-org",
        "repo": "click-flake",
        "type": "github"
      }
    },
    "datasets": {
      "inputs": {
        "flake-lib": [
          "flake-lib"
        ],
        "flake-utils": [
          "flake-utils"
        ],
        "nixpkgs": [
          "nixpkgs"
        ]
      },
      "locked": {
        "lastModified": 1789733125,
        "narHash": "sha256-6ssVqm1I9sQ2abh6AFcOXq9inhTxqxnblVHMvvCGEEM=",
        "owner": "jgus-org",
        "repo": "datasets-flake",
        "rev": "a6b272ce29c577afc678b5955e91e5bbc08a406d",
        "type": "github"
      },
      "original": {
        "owner": "jgus-org",
        "repo": "datasets-flake",
        "type": "github"
      }
    },
    "ddgs": {
      "inputs": {
        "flake-lib": [
          "flake-lib"
        ],
        "flake-utils": [
          "flake-utils"
        ],
        "nixpkgs": [
          "nixpkgs"
        ]
      },
      "locked": {
        "lastModified": 1789733312,
        "narHash": "sha256-YpTY2at6w19e4SkQJmOG9Zs5dK4Lr+phJEi0sJrj/yM=",
        "owner": "jgus-org",
        "repo": "ddgs-flake",
        "rev": "78c4c6585091af02858af4bac7045498e1e92e2b",
        "type": "github"
      },
      "original": {
        "owner": "jgus-org",
        "repo": "ddgs-flake",
        "type": "github"
      }
    },
    "diffusers": {
      "inputs": {
        "flake-lib": [
          "flake-lib"
        ],
        "flake-utils": [
          "flake-utils"
        ],
        "huggingface-hub": "huggingface-hub",
        "nixpkgs": [
          "nixpkgs"
        ]
      },
      "locked": {
        "lastModified": 1789735487,
        "narHash": "sha256-HHjg3WNvjsq9Z8uQ7s1/ki2PIKeoDw+WEZeG86Y5s44=",
        "owner": "jgus-org",
        "repo": "diffusers-flake",
        "rev": "ff112cfd4391bfbbc95ef4c92a1ed730e19fa2eb",
        "type": "github"
      },
      "original": {
        "owner": "jgus-org",
        "repo": "diffusers-flake",
        "type": "github"
      }
    },
    "fastapi": {
      "inputs": {
        "flake-lib": [
          "flake-lib"
        ],
        "flake-utils": [
          "flake-utils"
        ],
        "nixpkgs": [
          "nixpkgs"
        ]
      },
      "locked": {
        "lastModified": 1789732986,
        "narHash": "sha256-+Rc5HxJPmMVq6idvzQPjFbx8pwsNTfo06uA00vVcvBU=",
        "owner": "jgus-org",
        "repo": "fastapi-flake",
        "rev": "5f919cd22c1ba095bb9a1b91bb1f28ef2452e79a",
        "type": "github"
      },
      "original": {
        "owner": "jgus-org",
        "repo": "fastapi-flake",
        "type": "github"
      }
    },
    "flake-lib": {
      "inputs": {
        "flake-utils": [
          "flake-utils"
        ],
        "nixpkgs": [
          "nixpkgs"
        ]
      },
      "locked": {
        "lastModified": 1789674197,
        "narHash": "sha256-6dOROv8ql9PAP2ET9TaTLLEI2FAnIWCXKyuSElDb7PQ=",
        "owner": "jgus-org",
        "repo": "flake-lib",
        "rev": "8ed776af25c5695c72712c39fe2077ac23e85066",
        "type": "github"
      },
      "original": {
        "owner": "jgus-org",
        "ref": "v1",
        "repo": "flake-lib",
        "type": "github"
      }
    },
    "flake-utils": {
      "inputs": {
        "systems": "systems"
      },
      "locked": {
        "lastModified": 1731533236,
        "narHash": "sha256-l0KFg5HjrsfsO/JpG+r7fRrqm12kzFHyUHqHCVpMMbI=",
        "owner": "numtide",
        "repo": "flake-utils",
        "rev": "11707dc2f618dd54ca8739b309ec4fc024de578b",
        "type": "github"
      },
      "original": {
        "owner": "numtide",
        "repo": "flake-utils",
        "type": "github"
      }
    },
    "gguf": {
      "inputs": {
        "flake-lib": [
          "flake-lib"
        ],
        "flake-utils": [
          "flake-utils"
        ],
        "nixpkgs": [
          "nixpkgs"
        ]
      },
      "locked": {
        "lastModified": 1789733158,
        "narHash": "sha256-bvl7nusy7jGkyWZBA/4PcC32jqvovMqVne9YPWs08go=",
        "owner": "jgus-org",
        "repo": "gguf-flake",
        "rev": "6108a9165e1d11d66ad3ac74fe08899a0c98187b",
        "type": "github"
      },
      "original": {
        "owner": "jgus-org",
        "repo": "gguf-flake",
        "type": "github"
      }
    },
    "hf-xet": {
      "inputs": {
        "flake-lib": [
          "diffusers",
          "huggingface-hub",
          "flake-lib"
        ],
        "flake-utils": [
          "diffusers",
          "huggingface-hub",
          "flake-utils"
        ],
        "nixpkgs": [
          "diffusers",
          "huggingface-hub",
          "nixpkgs"
        ]
      },
      "locked": {
        "lastModified": 1789732718,
        "narHash": "sha256-g08oJ5NcZPOwQUA0TLbz5qR5WuEsfk2v2wDQ+qrr7i4=",
        "owner": "jgus-org",
        "repo": "hf-xet-flake",
        "rev": "50367001bd702ca250934e5d1b7a1b9152fb9e18",
        "type": "github"
      },
      "original": {
        "owner": "jgus-org",
        "repo": "hf-xet-flake",
        "type": "github"
      }
    },
    "huggingface-hub": {
      "inputs": {
        "click": "click",
        "flake-lib": [
          "diffusers",
          "flake-lib"
        ],
        "flake-utils": [
          "diffusers",
          "flake-utils"
        ],
        "hf-xet": "hf-xet",
        "nixpkgs": [
          "diffusers",
          "nixpkgs"
        ]
      },
      "locked": {
        "lastModified": 1789733985,
        "narHash": "sha256-Z0C3C3RJRmbobuddUE09jlxB/R/CBkSmkrprOfC7H9k=",
        "owner": "jgus-org",
        "repo": "huggingface-hub-flake",
        "rev": "70de17efeca6f97f7cfe00a2b85024b0aac0a6a8",
        "type": "github"
      },
      "original": {
        "owner": "jgus-org",
        "repo": "huggingface-hub-flake",
        "type": "github"
      }
    },
    "matplotlib": {
      "inputs": {
        "flake-lib": [
          "flake-lib"
        ],
        "flake-utils": [
          "flake-utils"
        ],
        "nixpkgs": [
          "nixpkgs"
        ]
      },
      "locked": {
        "lastModified": 1789733565,
        "narHash": "sha256-tDUMq6cPd7vGoNr30HRtwHLXyCr88wP4I07Uojo9Qcg=",
        "owner": "jgus-org",
        "repo": "matplotlib-flake",
        "rev": "cc3479e5262de0feec5842927d40e393812dfb54",
        "type": "github"
      },
      "original": {
        "owner": "jgus-org",
        "repo": "matplotlib-flake",
        "type": "github"
      }
    },
    "nest-asyncio": {
      "inputs": {
        "flake-lib": [
          "flake-lib"
        ],
        "flake-utils": [
          "flake-utils"
        ],
        "nixpkgs": [
          "nixpkgs"
        ]
      },
      "locked": {
        "lastModified": 1789733469,
        "narHash": "sha256-qIhl8OPFIRQ6xvwHhMfBbfLJmHLJ6kAkKxpANFRuTiY=",
        "owner": "jgus-org",
        "repo": "nest-asyncio-flake",
        "rev": "328a7043787892049f2d3fc3abcbdba1997fc7a5",
        "type": "github"
      },
      "original": {
        "owner": "jgus-org",
        "repo": "nest-asyncio-flake",
        "type": "github"
      }
    },
    "nixpkgs": {
      "locked": {
        "lastModified": 1789632929,
        "narHash": "sha256-RjR8AyvGlWuw16XRj7C1YDEw4E27ciuyPeB2nDMzgTU=",
        "owner": "NixOS",
        "repo": "nixpkgs",
        "rev": "a32edd7654519351e48e80372a928df336394670",
        "type": "github"
      },
      "original": {
        "owner": "NixOS",
        "ref": "nixpkgs-unstable",
        "repo": "nixpkgs",
        "type": "github"
      }
    },
    "packaging": {
      "inputs": {
        "flake-lib": [
          "flake-lib"
        ],
        "flake-utils": [
          "flake-utils"
        ],
        "nixpkgs": [
          "nixpkgs"
        ]
      },
      "locked": {
        "lastModified": 1789733043,
        "narHash": "sha256-eZDcawHB1dxcqrz2Kv5Ov6WYIOJBo5zdAnQTV8VLqgQ=",
        "owner": "jgus-org",
        "repo": "packaging-flake",
        "rev": "1240244731452511e6451d6ba8898f20d4c19681",
        "type": "github"
      },
      "original": {
        "owner": "jgus-org",
        "repo": "packaging-flake",
        "type": "github"
      }
    },
    "pandas": {
      "inputs": {
        "flake-lib": [
          "flake-lib"
        ],
        "flake-utils": [
          "flake-utils"
        ],
        "nixpkgs": [
          "nixpkgs"
        ]
      },
      "locked": {
        "lastModified": 1789732923,
        "narHash": "sha256-Z5qHvbm8FEwiMCkINTXsixGV7LlQGIxudrXSEvAgNzM=",
        "owner": "jgus-org",
        "repo": "pandas-flake",
        "rev": "b97473365a8e3e9ea953a344e66c37a21d2cd3ab",
        "type": "github"
      },
      "original": {
        "owner": "jgus-org",
        "repo": "pandas-flake",
        "type": "github"
      }
    },
    "pydantic": {
      "inputs": {
        "flake-lib": [
          "flake-lib"
        ],
        "flake-utils": [
          "flake-utils"
        ],
        "nixpkgs": [
          "nixpkgs"
        ],
        "pydantic-core": "pydantic-core"
      },
      "locked": {
        "lastModified": 1789733943,
        "narHash": "sha256-pPVfRm/zUOvCZbE9HcWnm7lGGW4ez5HnK/S7LcLIzm4=",
        "owner": "jgus-org",
        "repo": "pydantic-flake",
        "rev": "1de380953036b2768a912e8f6708c252cc0bd9ea",
        "type": "github"
      },
      "original": {
        "owner": "jgus-org",
        "repo": "pydantic-flake",
        "type": "github"
      }
    },
    "pydantic-core": {
      "inputs": {
        "flake-lib": [
          "pydantic",
          "flake-lib"
        ],
        "flake-utils": [
          "pydantic",
          "flake-utils"
        ],
        "nixpkgs": [
          "pydantic",
          "nixpkgs"
        ]
      },
      "locked": {
        "lastModified": 1789733245,
        "narHash": "sha256-A7iWwZcMg7UlzXY6inUbNCFc0iccL9pDGlSjfv/Hmhs=",
        "owner": "jgus-org",
        "repo": "pydantic-core-flake",
        "rev": "4e707dc3e025d245aec4521831b535af77a29bff",
        "type": "github"
      },
      "original": {
        "owner": "jgus-org",
        "repo": "pydantic-core-flake",
        "type": "github"
      }
    },
    "root": {
      "inputs": {
        "datasets": "datasets",
        "ddgs": "ddgs",
        "diffusers": "diffusers",
        "fastapi": "fastapi",
        "flake-lib": "flake-lib",
        "flake-utils": "flake-utils",
        "gguf": "gguf",
        "matplotlib": "matplotlib",
        "nest-asyncio": "nest-asyncio",
        "nixpkgs": "nixpkgs",
        "packaging": "packaging",
        "pandas": "pandas",
        "pydantic": "pydantic",
        "sqlite-vec": "sqlite-vec",
        "transformers": "transformers",
        "typer": "typer",
        "unsloth": "unsloth",
        "uvicorn": "uvicorn"
      }
    },
    "sqlite-vec": {
      "inputs": {
        "flake-lib": [
          "flake-lib"
        ],
        "flake-utils": [
          "flake-utils"
        ],
        "nixpkgs": [
          "nixpkgs"
        ]
      },
      "locked": {
        "lastModified": 1789732894,
        "narHash": "sha256-++EcW0r7YhjoePFF4oPqSq3AU4x/XXwKChwByQdVgWk=",
        "owner": "jgus-org",
        "repo": "sqlite-vec-flake",
        "rev": "562e758d492eb11889d1f8c3c01f11ddd88c93c4",
        "type": "github"
      },
      "original": {
        "owner": "jgus-org",
        "repo": "sqlite-vec-flake",
        "type": "github"
      }
    },
    "systems": {
      "locked": {
        "lastModified": 1681028828,
        "narHash": "sha256-Vy1rq5AaRuLzOxct8nz4T6wlgyUR7zLU309k9mBC768=",
        "owner": "nix-systems",
        "repo": "default",
        "rev": "da67096a3b9bf56a91d16901293e51ba5b49a27e",
        "type": "github"
      },
      "original": {
        "owner": "nix-systems",
        "repo": "default",
        "type": "github"
      }
    },
    "tokenizers": {
      "inputs": {
        "flake-lib": [
          "transformers",
          "flake-lib"
        ],
        "flake-utils": [
          "transformers",
          "flake-utils"
        ],
        "nixpkgs": [
          "transformers",
          "nixpkgs"
        ]
      },
      "locked": {
        "lastModified": 1789733256,
        "narHash": "sha256-85pSf7tGht7MT16ulj7bP37zbKGad5xM1NYOovK+XXY=",
        "owner": "jgus-org",
        "repo": "tokenizers-flake",
        "rev": "875413db31e52a21a2f99f841e5b41da1c61a77c",
        "type": "github"
      },
      "original": {
        "owner": "jgus-org",
        "repo": "tokenizers-flake",
        "type": "github"
      }
    },
    "transformers": {
      "inputs": {
        "flake-lib": [
          "flake-lib"
        ],
        "flake-utils": [
          "flake-utils"
        ],
        "nixpkgs": [
          "nixpkgs"
        ],
        "tokenizers": "tokenizers"
      },
      "locked": {
        "lastModified": 1789734092,
        "narHash": "sha256-Zmz8UrOgvl+iL5HGIx4a0q/dhAMrWzKOMlqF+Qq9IGg=",
        "owner": "jgus-org",
        "repo": "transformers-flake",
        "rev": "0cb71f78f4686c61789904ae8677f54235cfd7de",
        "type": "github"
      },
      "original": {
        "owner": "jgus-org",
        "repo": "transformers-flake",
        "type": "github"
      }
    },
    "typer": {
      "inputs": {
        "flake-lib": [
          "flake-lib"
        ],
        "flake-utils": [
          "flake-utils"
        ],
        "nixpkgs": [
          "nixpkgs"
        ]
      },
      "locked": {
        "lastModified": 1789733463,
        "narHash": "sha256-ENCev1UbgdnCOprHeXK0iuBo1GhQoAq/HD9zNvckMNc=",
        "owner": "jgus-org",
        "repo": "typer-flake",
        "rev": "42f5cff061849e024c4ab698d9f17719e6eb9745",
        "type": "github"
      },
      "original": {
        "owner": "jgus-org",
        "repo": "typer-flake",
        "type": "github"
      }
    },
    "unsloth": {
      "inputs": {
        "flake-lib": [
          "flake-lib"
        ],
        "flake-utils": [
          "flake-utils"
        ],
        "nixpkgs": [
          "nixpkgs"
        ],
        "unsloth-zoo": "unsloth-zoo"
      },
      "locked": {
        "lastModified": 1789733990,
        "narHash": "sha256-znEEdA/X5o58fpq/BOmwQBRODtl0PlBuTsF8KgaGdiY=",
        "owner": "jgus-org",
        "repo": "unsloth-flake",
        "rev": "70c639033b5ab452fe5523c7e73fec356d5c8799",
        "type": "github"
      },
      "original": {
        "owner": "jgus-org",
        "repo": "unsloth-flake",
        "type": "github"
      }
    },
    "unsloth-zoo": {
      "inputs": {
        "flake-lib": [
          "unsloth",
          "flake-lib"
        ],
        "flake-utils": [
          "unsloth",
          "flake-utils"
        ],
        "nixpkgs": [
          "unsloth",
          "nixpkgs"
        ]
      },
      "locked": {
        "lastModified": 1789732858,
        "narHash": "sha256-aY6ogDEKUX/Iu28Lo9gAMhDgU573s22Hf+cNUlPddaw=",
        "owner": "jgus-org",
        "repo": "unsloth-zoo-flake",
        "rev": "e76fd49654b910d0243fb93cc75a25b18622b7ea",
        "type": "github"
      },
      "original": {
        "owner": "jgus-org",
        "repo": "unsloth-zoo-flake",
        "type": "github"
      }
    },
    "uvicorn": {
      "inputs": {
        "flake-lib": [
          "flake-lib"
        ],
        "flake-utils": [
          "flake-utils"
        ],
        "nixpkgs": [
          "nixpkgs"
        ]
      },
      "locked": {
        "lastModified": 1789733128,
        "narHash": "sha256-kp1Gt5v1QYf+K7JXwqYUoBD9z/fNxQ/sMWYm8CQ8y7s=",
        "owner": "jgus-org",
        "repo": "uvicorn-flake",
        "rev": "2fddbeddafe16e666139188a8dde37ef4cbe7fdb",
        "type": "github"
      },
      "original": {
        "owner": "jgus-org",
        "repo": "uvicorn-flake",
        "type": "github"
      }
    }
  },
  "root": "root",
  "version": 7
}
