{
  "nodes": {
    "click": {
      "inputs": {
        "flake-lib": [
          "diffusers",
          "huggingface-hub",
          "flake-lib"
        ],
        "flake-utils": [
          "diffusers",
          "huggingface-hub",
          "flake-utils"
        ],
        "nixpkgs": [
          "diffusers",
          "huggingface-hub",
          "nixpkgs"
        ]
      },
      "locked": {
        "lastModified": 1789818394,
        "narHash": "sha256-2LDhQGttrmFDpS6DLtpIXmXsymWAh3QIoUfcgtwFaD8=",
        "owner": "jgus-org",
        "repo": "click-flake",
        "rev": "19520b16f5b72ab39759fec921bd14f2ba236c41",
        "type": "github"
      },
      "original": {
        "owner": "jgus-org",
        "repo": "click-flake",
        "type": "github"
      }
    },
    "datasets": {
      "inputs": {
        "flake-lib": [
          "flake-lib"
        ],
        "flake-utils": [
          "flake-utils"
        ],
        "nixpkgs": [
          "nixpkgs"
        ]
      },
      "locked": {
        "lastModified": 1789818533,
        "narHash": "sha256-QoTYsPmWncHdaXnHjFuyaiGBbDBfdh3YTDzo9N3s1A0=",
        "owner": "jgus-org",
        "repo": "datasets-flake",
        "rev": "9d92176350552308e3b45b2941f3a47335a0fdf5",
        "type": "github"
      },
      "original": {
        "owner": "jgus-org",
        "repo": "datasets-flake",
        "type": "github"
      }
    },
    "ddgs": {
      "inputs": {
        "flake-lib": [
          "flake-lib"
        ],
        "flake-utils": [
          "flake-utils"
        ],
        "nixpkgs": [
          "nixpkgs"
        ]
      },
      "locked": {
        "lastModified": 1789818683,
        "narHash": "sha256-OAChEyTqSKDiygPxVWWQpdZMDJQwcHirS++oMYJMljM=",
        "owner": "jgus-org",
        "repo": "ddgs-flake",
        "rev": "8945b47da44842b48d4c57099d401f28a4ca9b2a",
        "type": "github"
      },
      "original": {
        "owner": "jgus-org",
        "repo": "ddgs-flake",
        "type": "github"
      }
    },
    "diffusers": {
      "inputs": {
        "flake-lib": [
          "flake-lib"
        ],
        "flake-utils": [
          "flake-utils"
        ],
        "huggingface-hub": "huggingface-hub",
        "nixpkgs": [
          "nixpkgs"
        ]
      },
      "locked": {
        "lastModified": 1789820288,
        "narHash": "sha256-dL7bh6HxlVa5AO8ZbPs77KPj9VoblQIWVBRwGTeVcY4=",
        "owner": "jgus-org",
        "repo": "diffusers-flake",
        "rev": "907514333f9a364e6eaeb0a6df8defeaba2a8cb7",
        "type": "github"
      },
      "original": {
        "owner": "jgus-org",
        "repo": "diffusers-flake",
        "type": "github"
      }
    },
    "fastapi": {
      "inputs": {
        "flake-lib": [
          "flake-lib"
        ],
        "flake-utils": [
          "flake-utils"
        ],
        "nixpkgs": [
          "nixpkgs"
        ]
      },
      "locked": {
        "lastModified": 1789818369,
        "narHash": "sha256-dP1fySmvuYK9jWOhL8f7p71vzqHIk17BkdnRhQdXXqc=",
        "owner": "jgus-org",
        "repo": "fastapi-flake",
        "rev": "d343c07c33f6c6401a8b3de6526f384fb9c254e0",
        "type": "github"
      },
      "original": {
        "owner": "jgus-org",
        "repo": "fastapi-flake",
        "type": "github"
      }
    },
    "flake-lib": {
      "inputs": {
        "flake-utils": [
          "flake-utils"
        ],
        "nixpkgs": [
          "nixpkgs"
        ]
      },
      "locked": {
        "lastModified": 1789833752,
        "narHash": "sha256-NuOz3mTK0/HWpJ/1fheEW+gLds1o/HYCcI4R0Y8ODiw=",
        "owner": "jgus-org",
        "repo": "flake-lib",
        "rev": "1ef8887e5c571f6b32e9f873fcd5f0c9c2484e0d",
        "type": "github"
      },
      "original": {
        "owner": "jgus-org",
        "ref": "v1",
        "repo": "flake-lib",
        "type": "github"
      }
    },
    "flake-utils": {
      "inputs": {
        "systems": "systems"
      },
      "locked": {
        "lastModified": 1731533236,
        "narHash": "sha256-l0KFg5HjrsfsO/JpG+r7fRrqm12kzFHyUHqHCVpMMbI=",
        "owner": "numtide",
        "repo": "flake-utils",
        "rev": "11707dc2f618dd54ca8739b309ec4fc024de578b",
        "type": "github"
      },
      "original": {
        "owner": "numtide",
        "repo": "flake-utils",
        "type": "github"
      }
    },
    "gguf": {
      "inputs": {
        "flake-lib": [
          "flake-lib"
        ],
        "flake-utils": [
          "flake-utils"
        ],
        "nixpkgs": [
          "nixpkgs"
        ]
      },
      "locked": {
        "lastModified": 1789818522,
        "narHash": "sha256-COcBMuIp8CqzSUxvhgAUvsUQIw/S4MEF5O9lx8naEFs=",
        "owner": "jgus-org",
        "repo": "gguf-flake",
        "rev": "ca1a225be698736ad05a1105a2d201d9a313c0b8",
        "type": "github"
      },
      "original": {
        "owner": "jgus-org",
        "repo": "gguf-flake",
        "type": "github"
      }
    },
    "hf-xet": {
      "inputs": {
        "flake-lib": [
          "diffusers",
          "huggingface-hub",
          "flake-lib"
        ],
        "flake-utils": [
          "diffusers",
          "huggingface-hub",
          "flake-utils"
        ],
        "nixpkgs": [
          "diffusers",
          "huggingface-hub",
          "nixpkgs"
        ]
      },
      "locked": {
        "lastModified": 1789818166,
        "narHash": "sha256-7KAI0TUKSJf6pvTK7/j0QuZDCHTuqMBEEsGpoxo6Gvg=",
        "owner": "jgus-org",
        "repo": "hf-xet-flake",
        "rev": "b852ac606a0adf8766f8bc27ee49e783fe704f48",
        "type": "github"
      },
      "original": {
        "owner": "jgus-org",
        "repo": "hf-xet-flake",
        "type": "github"
      }
    },
    "huggingface-hub": {
      "inputs": {
        "click": "click",
        "flake-lib": [
          "diffusers",
          "flake-lib"
        ],
        "flake-utils": [
          "diffusers",
          "flake-utils"
        ],
        "hf-xet": "hf-xet",
        "nixpkgs": [
          "diffusers",
          "nixpkgs"
        ]
      },
      "locked": {
        "lastModified": 1789819239,
        "narHash": "sha256-fsucpv7RGqPAvKWa8coIuhZDwG2QYkawLkq3ygwCsxY=",
        "owner": "jgus-org",
        "repo": "huggingface-hub-flake",
        "rev": "3f3aaa192c5b4f2f3c7a73cdf801771fbac4e5ef",
        "type": "github"
      },
      "original": {
        "owner": "jgus-org",
        "repo": "huggingface-hub-flake",
        "type": "github"
      }
    },
    "matplotlib": {
      "inputs": {
        "flake-lib": [
          "flake-lib"
        ],
        "flake-utils": [
          "flake-utils"
        ],
        "nixpkgs": [
          "nixpkgs"
        ]
      },
      "locked": {
        "lastModified": 1789818902,
        "narHash": "sha256-C1QWGWLuyEvW3ZyLL+ZtfcwNaGbhWnaSzQuPWOUGXxA=",
        "owner": "jgus-org",
        "repo": "matplotlib-flake",
        "rev": "a508b61a6448b1ccf97887e0fbcf97ed269e3267",
        "type": "github"
      },
      "original": {
        "owner": "jgus-org",
        "repo": "matplotlib-flake",
        "type": "github"
      }
    },
    "nest-asyncio": {
      "inputs": {
        "flake-lib": [
          "flake-lib"
        ],
        "flake-utils": [
          "flake-utils"
        ],
        "nixpkgs": [
          "nixpkgs"
        ]
      },
      "locked": {
        "lastModified": 1789818826,
        "narHash": "sha256-ko0vhSSoTj7RfNIAkija/narhv4nXbujP9pIqGApgUo=",
        "owner": "jgus-org",
        "repo": "nest-asyncio-flake",
        "rev": "adf71f6b456739797ecaa9538ca5760ff5b0ad93",
        "type": "github"
      },
      "original": {
        "owner": "jgus-org",
        "repo": "nest-asyncio-flake",
        "type": "github"
      }
    },
    "nixpkgs": {
      "locked": {
        "lastModified": 1789632929,
        "narHash": "sha256-RjR8AyvGlWuw16XRj7C1YDEw4E27ciuyPeB2nDMzgTU=",
        "owner": "NixOS",
        "repo": "nixpkgs",
        "rev": "a32edd7654519351e48e80372a928df336394670",
        "type": "github"
      },
      "original": {
        "owner": "NixOS",
        "ref": "nixpkgs-unstable",
        "repo": "nixpkgs",
        "type": "github"
      }
    },
    "packaging": {
      "inputs": {
        "flake-lib": [
          "flake-lib"
        ],
        "flake-utils": [
          "flake-utils"
        ],
        "nixpkgs": [
          "nixpkgs"
        ]
      },
      "locked": {
        "lastModified": 1789818415,
        "narHash": "sha256-syR70gJ1gslAqSmgWtMD+UPEOd8NDJNZajz2TPewAV4=",
        "owner": "jgus-org",
        "repo": "packaging-flake",
        "rev": "f33894fc2d26fe357c7001cf4ca9105443d2472b",
        "type": "github"
      },
      "original": {
        "owner": "jgus-org",
        "repo": "packaging-flake",
        "type": "github"
      }
    },
    "pandas": {
      "inputs": {
        "flake-lib": [
          "flake-lib"
        ],
        "flake-utils": [
          "flake-utils"
        ],
        "nixpkgs": [
          "nixpkgs"
        ]
      },
      "locked": {
        "lastModified": 1789818343,
        "narHash": "sha256-hQMPopjwHrRcLdcemVfnXzUNHZxRv/FqVpnuqc8m8rk=",
        "owner": "jgus-org",
        "repo": "pandas-flake",
        "rev": "26d9e725d133761457b2704fc63ef1958bfa63ce",
        "type": "github"
      },
      "original": {
        "owner": "jgus-org",
        "repo": "pandas-flake",
        "type": "github"
      }
    },
    "pydantic": {
      "inputs": {
        "flake-lib": [
          "flake-lib"
        ],
        "flake-utils": [
          "flake-utils"
        ],
        "nixpkgs": [
          "nixpkgs"
        ],
        "pydantic-core": "pydantic-core"
      },
      "locked": {
        "lastModified": 1789819201,
        "narHash": "sha256-lTESGO1WhWNjVCqD+GzAPEBZfHFInkJuYxeG7AdOjFM=",
        "owner": "jgus-org",
        "repo": "pydantic-flake",
        "rev": "eeefe67780d1732869371bd629b48fb052781295",
        "type": "github"
      },
      "original": {
        "owner": "jgus-org",
        "repo": "pydantic-flake",
        "type": "github"
      }
    },
    "pydantic-core": {
      "inputs": {
        "flake-lib": [
          "pydantic",
          "flake-lib"
        ],
        "flake-utils": [
          "pydantic",
          "flake-utils"
        ],
        "nixpkgs": [
          "pydantic",
          "nixpkgs"
        ]
      },
      "locked": {
        "lastModified": 1789818642,
        "narHash": "sha256-oG+fIM51fxdIINPHFfx93bkNT99s21Av/WmwyXBc49A=",
        "owner": "jgus-org",
        "repo": "pydantic-core-flake",
        "rev": "ac9307aa34850601740a65d54f5b320d683ce71d",
        "type": "github"
      },
      "original": {
        "owner": "jgus-org",
        "repo": "pydantic-core-flake",
        "type": "github"
      }
    },
    "root": {
      "inputs": {
        "flake-lib": "flake-lib",
        "flake-utils": "flake-utils",
        "gguf": "gguf",
        "matplotlib": "matplotlib",
        "nest-asyncio": "nest-asyncio",
        "nixpkgs": "nixpkgs",
        "packaging": "packaging",
        "pandas": "pandas",
        "pydantic": "pydantic",
        "sqlite-vec": "sqlite-vec",
        "transformers": "transformers",
        "typer": "typer",
        "unsloth": "unsloth",
        "uvicorn": "uvicorn"
      }
    },
    "sqlite-vec": {
      "inputs": {
        "flake-lib": [
          "flake-lib"
        ],
        "flake-utils": [
          "flake-utils"
        ],
        "nixpkgs": [
          "nixpkgs"
        ]
      },
      "locked": {
        "lastModified": 1789818318,
        "narHash": "sha256-BAnA1Y1su3Y0h5Sxvl4Upt16DmCaQG7sqDMXafMl0I8=",
        "owner": "jgus-org",
        "repo": "sqlite-vec-flake",
        "rev": "020a3be5fcb57ee39f7abb31534741760c24121d",
        "type": "github"
      },
      "original": {
        "owner": "jgus-org",
        "repo": "sqlite-vec-flake",
        "type": "github"
      }
    },
    "systems": {
      "locked": {
        "lastModified": 1681028828,
        "narHash": "sha256-Vy1rq5AaRuLzOxct8nz4T6wlgyUR7zLU309k9mBC768=",
        "owner": "nix-systems",
        "repo": "default",
        "rev": "da67096a3b9bf56a91d16901293e51ba5b49a27e",
        "type": "github"
      },
      "original": {
        "owner": "nix-systems",
        "repo": "default",
        "type": "github"
      }
    },
    "tokenizers": {
      "inputs": {
        "flake-lib": [
          "transformers",
          "flake-lib"
        ],
        "flake-utils": [
          "transformers",
          "flake-utils"
        ],
        "nixpkgs": [
          "transformers",
          "nixpkgs"
        ]
      },
      "locked": {
        "lastModified": 1789818636,
        "narHash": "sha256-1KZvUI02FM+ug3jaJWbQOADVxjnGjEAlvSZbM8o0bqs=",
        "owner": "jgus-org",
        "repo": "tokenizers-flake",
        "rev": "08617eccb547da6aa7fa9e5e6ea23c92fd74023f",
        "type": "github"
      },
      "original": {
        "owner": "jgus-org",
        "repo": "tokenizers-flake",
        "type": "github"
      }
    },
    "transformers": {
      "inputs": {
        "flake-lib": [
          "flake-lib"
        ],
        "flake-utils": [
          "flake-utils"
        ],
        "nixpkgs": [
          "nixpkgs"
        ],
        "tokenizers": "tokenizers"
      },
      "locked": {
        "lastModified": 1789819400,
        "narHash": "sha256-jFk1U5IRIRPUrKnaPUV+BcHhVjpHffEArTGGTTCwLDY=",
        "owner": "jgus-org",
        "repo": "transformers-flake",
        "rev": "d5ff7c8827f83b7a4fd14f800c959def63ea3504",
        "type": "github"
      },
      "original": {
        "owner": "jgus-org",
        "repo": "transformers-flake",
        "type": "github"
      }
    },
    "typer": {
      "inputs": {
        "flake-lib": [
          "flake-lib"
        ],
        "flake-utils": [
          "flake-utils"
        ],
        "nixpkgs": [
          "nixpkgs"
        ]
      },
      "locked": {
        "lastModified": 1789818821,
        "narHash": "sha256-2a/FGdkkzv933HacAgXrs/NbWwMwD8NqDPBPm69SZ1E=",
        "owner": "jgus-org",
        "repo": "typer-flake",
        "rev": "29c48fa0938d7ca496ca3a4447d1ebfea23332e7",
        "type": "github"
      },
      "original": {
        "owner": "jgus-org",
        "repo": "typer-flake",
        "type": "github"
      }
    },
    "unsloth": {
      "inputs": {
        "flake-lib": [
          "flake-lib"
        ],
        "flake-utils": [
          "flake-utils"
        ],
        "nixpkgs": [
          "nixpkgs"
        ],
        "unsloth-zoo": "unsloth-zoo"
      },
      "locked": {
        "lastModified": 1789819259,
        "narHash": "sha256-SzfGd6NGtZuJvaq7hAlv1FUdDxKmAy0vJy0VdgE9eHo=",
        "owner": "jgus-org",
        "repo": "unsloth-flake",
        "rev": "ad8224a30fc6807cb70db95da0e98513e33573d9",
        "type": "github"
      },
      "original": {
        "owner": "jgus-org",
        "repo": "unsloth-flake",
        "type": "github"
      }
    },
    "unsloth-zoo": {
      "inputs": {
        "flake-lib": [
          "unsloth",
          "flake-lib"
        ],
        "flake-utils": [
          "unsloth",
          "flake-utils"
        ],
        "nixpkgs": [
          "unsloth",
          "nixpkgs"
        ]
      },
      "locked": {
        "lastModified": 1789818291,
        "narHash": "sha256-fdZKaibJnA086jkPkbKSLdbCfHNspGeBhNwpE1JNY+E=",
        "owner": "jgus-org",
        "repo": "unsloth-zoo-flake",
        "rev": "eb60bf59b1d29c7ceb0e5ec3a699560cad84fcca",
        "type": "github"
      },
      "original": {
        "owner": "jgus-org",
        "repo": "unsloth-zoo-flake",
        "type": "github"
      }
    },
    "uvicorn": {
      "inputs": {
        "flake-lib": [
          "flake-lib"
        ],
        "flake-utils": [
          "flake-utils"
        ],
        "nixpkgs": [
          "nixpkgs"
        ]
      },
      "locked": {
        "lastModified": 1789818477,
        "narHash": "sha256-5l46dUS6vR2d7RdMQL8GsttsKF2e1dmck2cO2gaNZl0=",
        "owner": "jgus-org",
        "repo": "uvicorn-flake",
        "rev": "b867b590979a93c4ffa11dd7bc87ecb22aebb4c4",
        "type": "github"
      },
      "original": {
        "owner": "jgus-org",
        "repo": "uvicorn-flake",
        "type": "github"
      }
    }
  },
  "root": "root",
  "version": 7
}
