{
  "nodes": {
    "click": {
      "inputs": {
        "flake-lib": [
          "diffusers",
          "huggingface-hub",
          "flake-lib"
        ],
        "flake-utils": [
          "diffusers",
          "huggingface-hub",
          "flake-utils"
        ],
        "nixpkgs": [
          "diffusers",
          "huggingface-hub",
          "nixpkgs"
        ]
      },
      "locked": {
        "lastModified": 1788955710,
        "narHash": "sha256-4tESdx8qA8et2ZkuVUcu2eYdrKuhCMJzRyELx0TlwmY=",
        "owner": "jgus-org",
        "repo": "click-flake",
        "rev": "5bc11fe2870f40656f9f592b218f63d65ad7c30d",
        "type": "github"
      },
      "original": {
        "owner": "jgus-org",
        "repo": "click-flake",
        "type": "github"
      }
    },
    "datasets": {
      "inputs": {
        "flake-lib": [
          "flake-lib"
        ],
        "flake-utils": [
          "flake-utils"
        ],
        "nixpkgs": [
          "nixpkgs"
        ]
      },
      "locked": {
        "lastModified": 1788955767,
        "narHash": "sha256-bDzl8BNztCeb2Iq+KcGrkzQ5weY3NAwQqoAe3hCblPU=",
        "owner": "jgus-org",
        "repo": "datasets-flake",
        "rev": "16d2b0eac24832574eb6b8e65efc79e1a47998fc",
        "type": "github"
      },
      "original": {
        "owner": "jgus-org",
        "repo": "datasets-flake",
        "type": "github"
      }
    },
    "ddgs": {
      "inputs": {
        "flake-lib": [
          "flake-lib"
        ],
        "flake-utils": [
          "flake-utils"
        ],
        "nixpkgs": [
          "nixpkgs"
        ]
      },
      "locked": {
        "lastModified": 1788956039,
        "narHash": "sha256-P+KZLWdJrWqhwU45YIb8Qh4mJTHVC3bo4NdbFSlcpRI=",
        "owner": "jgus-org",
        "repo": "ddgs-flake",
        "rev": "863d5acc00438924372a5089e2df6b455f79e814",
        "type": "github"
      },
      "original": {
        "owner": "jgus-org",
        "repo": "ddgs-flake",
        "type": "github"
      }
    },
    "diffusers": {
      "inputs": {
        "flake-lib": [
          "flake-lib"
        ],
        "flake-utils": [
          "flake-utils"
        ],
        "huggingface-hub": "huggingface-hub",
        "nixpkgs": [
          "nixpkgs"
        ]
      },
      "locked": {
        "lastModified": 1788957956,
        "narHash": "sha256-V7jkOhRFLncaFBuDvYIYWdY89tAa5iZGH82RLgaSKeY=",
        "owner": "jgus-org",
        "repo": "diffusers-flake",
        "rev": "b41211ecec9cecf100d585f7aca3ffd666ce3a87",
        "type": "github"
      },
      "original": {
        "owner": "jgus-org",
        "repo": "diffusers-flake",
        "type": "github"
      }
    },
    "fastapi": {
      "inputs": {
        "flake-lib": [
          "flake-lib"
        ],
        "flake-utils": [
          "flake-utils"
        ],
        "nixpkgs": [
          "nixpkgs"
        ]
      },
      "locked": {
        "lastModified": 1788955685,
        "narHash": "sha256-7xvt+Qbk7xgS+jkwMHnSIcIQiVd/Lck/oY8kchFKous=",
        "owner": "jgus-org",
        "repo": "fastapi-flake",
        "rev": "2e8f5bc75929f85797724a54f04ce8cf71a882ee",
        "type": "github"
      },
      "original": {
        "owner": "jgus-org",
        "repo": "fastapi-flake",
        "type": "github"
      }
    },
    "flake-lib": {
      "inputs": {
        "flake-utils": [
          "flake-utils"
        ],
        "nixpkgs": [
          "nixpkgs"
        ]
      },
      "locked": {
        "lastModified": 1789074811,
        "narHash": "sha256-J1ejsQ8AkC0oRhXWYJO7BkeSiop7t2qovIU2IGUnPmE=",
        "owner": "jgus-org",
        "repo": "flake-lib",
        "rev": "6b1ea6487c50a606d110d3f2507921ef7126e096",
        "type": "github"
      },
      "original": {
        "owner": "jgus-org",
        "ref": "v1",
        "repo": "flake-lib",
        "type": "github"
      }
    },
    "flake-utils": {
      "inputs": {
        "systems": "systems"
      },
      "locked": {
        "lastModified": 1731533236,
        "narHash": "sha256-l0KFg5HjrsfsO/JpG+r7fRrqm12kzFHyUHqHCVpMMbI=",
        "owner": "numtide",
        "repo": "flake-utils",
        "rev": "11707dc2f618dd54ca8739b309ec4fc024de578b",
        "type": "github"
      },
      "original": {
        "owner": "numtide",
        "repo": "flake-utils",
        "type": "github"
      }
    },
    "gguf": {
      "inputs": {
        "flake-lib": [
          "flake-lib"
        ],
        "flake-utils": [
          "flake-utils"
        ],
        "nixpkgs": [
          "nixpkgs"
        ]
      },
      "locked": {
        "lastModified": 1788955846,
        "narHash": "sha256-3Y9i0JJH5xyzTSZyKst0JrVzMKwYiUBAotNxt1Kh72k=",
        "owner": "jgus-org",
        "repo": "gguf-flake",
        "rev": "018e149a1ce9e60c243b05390be7663d4647fba6",
        "type": "github"
      },
      "original": {
        "owner": "jgus-org",
        "repo": "gguf-flake",
        "type": "github"
      }
    },
    "hf-xet": {
      "inputs": {
        "flake-lib": [
          "diffusers",
          "huggingface-hub",
          "flake-lib"
        ],
        "flake-utils": [
          "diffusers",
          "huggingface-hub",
          "flake-utils"
        ],
        "nixpkgs": [
          "diffusers",
          "huggingface-hub",
          "nixpkgs"
        ]
      },
      "locked": {
        "lastModified": 1788955337,
        "narHash": "sha256-JoXDRqdSQllF74G3YikFgRQwGSA51Zrz1shpDNm2Sic=",
        "owner": "jgus-org",
        "repo": "hf-xet-flake",
        "rev": "04f64f5c2065bb4222a367d54c8b27b82af9dae2",
        "type": "github"
      },
      "original": {
        "owner": "jgus-org",
        "repo": "hf-xet-flake",
        "type": "github"
      }
    },
    "huggingface-hub": {
      "inputs": {
        "click": "click",
        "flake-lib": [
          "diffusers",
          "flake-lib"
        ],
        "flake-utils": [
          "diffusers",
          "flake-utils"
        ],
        "hf-xet": "hf-xet",
        "nixpkgs": [
          "diffusers",
          "nixpkgs"
        ]
      },
      "locked": {
        "lastModified": 1788956795,
        "narHash": "sha256-gSLx+57OOFR+qx0T3VeRz2YcZ1Ae98MEpDBWffXPZac=",
        "owner": "jgus-org",
        "repo": "huggingface-hub-flake",
        "rev": "e48629375795d422146155858600aab4cede4c80",
        "type": "github"
      },
      "original": {
        "owner": "jgus-org",
        "repo": "huggingface-hub-flake",
        "type": "github"
      }
    },
    "matplotlib": {
      "inputs": {
        "flake-lib": [
          "flake-lib"
        ],
        "flake-utils": [
          "flake-utils"
        ],
        "nixpkgs": [
          "nixpkgs"
        ]
      },
      "locked": {
        "lastModified": 1788956265,
        "narHash": "sha256-diLGGcQQBpoA3uN1Msq3k3UM7mVtYEC7GytIDlnVx8Q=",
        "owner": "jgus-org",
        "repo": "matplotlib-flake",
        "rev": "7de5d698c45b448b2c073fa69042b872d204695d",
        "type": "github"
      },
      "original": {
        "owner": "jgus-org",
        "repo": "matplotlib-flake",
        "type": "github"
      }
    },
    "nest-asyncio": {
      "inputs": {
        "flake-lib": [
          "flake-lib"
        ],
        "flake-utils": [
          "flake-utils"
        ],
        "nixpkgs": [
          "nixpkgs"
        ]
      },
      "locked": {
        "lastModified": 1788956225,
        "narHash": "sha256-TjcoPzjYDohG6K7QOMLLXO+AaZL6ubDfYW/ruegUPGs=",
        "owner": "jgus-org",
        "repo": "nest-asyncio-flake",
        "rev": "82a3671c674adf2e8780b5ae4d1d2db134a8ce51",
        "type": "github"
      },
      "original": {
        "owner": "jgus-org",
        "repo": "nest-asyncio-flake",
        "type": "github"
      }
    },
    "nixpkgs": {
      "locked": {
        "lastModified": 1788922888,
        "narHash": "sha256-QMX3uerxnW2R5dHcWpIQILHDltOZnon3x3Spq7EzBFI=",
        "owner": "NixOS",
        "repo": "nixpkgs",
        "rev": "a391f95d4557d685fd8e5dc0d4b1f9271aa2f342",
        "type": "github"
      },
      "original": {
        "owner": "NixOS",
        "ref": "nixpkgs-unstable",
        "repo": "nixpkgs",
        "type": "github"
      }
    },
    "packaging": {
      "inputs": {
        "flake-lib": [
          "flake-lib"
        ],
        "flake-utils": [
          "flake-utils"
        ],
        "nixpkgs": [
          "nixpkgs"
        ]
      },
      "locked": {
        "lastModified": 1788955716,
        "narHash": "sha256-9xZz/JRDZr8zJa6ERmqhoTTeViVQr9Jk3x1PUYMopqw=",
        "owner": "jgus-org",
        "repo": "packaging-flake",
        "rev": "9f6ebc7a6590a133abe4ca9089ae8828dcbd8d35",
        "type": "github"
      },
      "original": {
        "owner": "jgus-org",
        "repo": "packaging-flake",
        "type": "github"
      }
    },
    "pandas": {
      "inputs": {
        "flake-lib": [
          "flake-lib"
        ],
        "flake-utils": [
          "flake-utils"
        ],
        "nixpkgs": [
          "nixpkgs"
        ]
      },
      "locked": {
        "lastModified": 1788955579,
        "narHash": "sha256-oMmNXJ2moHD1huFgrVQTcj1RH1sxSX4ZmPVG7g21UJE=",
        "owner": "jgus-org",
        "repo": "pandas-flake",
        "rev": "a72ee211df76855ca21fde708eef4d5ccf2e7c75",
        "type": "github"
      },
      "original": {
        "owner": "jgus-org",
        "repo": "pandas-flake",
        "type": "github"
      }
    },
    "pydantic": {
      "inputs": {
        "flake-lib": [
          "flake-lib"
        ],
        "flake-utils": [
          "flake-utils"
        ],
        "nixpkgs": [
          "nixpkgs"
        ],
        "pydantic-core": "pydantic-core"
      },
      "locked": {
        "lastModified": 1788956713,
        "narHash": "sha256-oaVdafn4nX63yUzsbXoMOufnl6/C6sZF0LDZZNrsMH0=",
        "owner": "jgus-org",
        "repo": "pydantic-flake",
        "rev": "283b217be4ba048b209547ba78ec70b856bd95b3",
        "type": "github"
      },
      "original": {
        "owner": "jgus-org",
        "repo": "pydantic-flake",
        "type": "github"
      }
    },
    "pydantic-core": {
      "inputs": {
        "flake-lib": [
          "pydantic",
          "flake-lib"
        ],
        "flake-utils": [
          "pydantic",
          "flake-utils"
        ],
        "nixpkgs": [
          "pydantic",
          "nixpkgs"
        ]
      },
      "locked": {
        "lastModified": 1788955978,
        "narHash": "sha256-q1A3+9tzpb7ZvGSdYhgip4rIjRMq7T0Cag+gWBUJEQA=",
        "owner": "jgus-org",
        "repo": "pydantic-core-flake",
        "rev": "acc63944a8537d5326db4b747af96432a757dd48",
        "type": "github"
      },
      "original": {
        "owner": "jgus-org",
        "repo": "pydantic-core-flake",
        "type": "github"
      }
    },
    "root": {
      "inputs": {
        "datasets": "datasets",
        "ddgs": "ddgs",
        "diffusers": "diffusers",
        "fastapi": "fastapi",
        "flake-lib": "flake-lib",
        "flake-utils": "flake-utils",
        "gguf": "gguf",
        "matplotlib": "matplotlib",
        "nest-asyncio": "nest-asyncio",
        "nixpkgs": "nixpkgs",
        "packaging": "packaging",
        "pandas": "pandas",
        "pydantic": "pydantic",
        "sqlite-vec": "sqlite-vec",
        "transformers": "transformers",
        "typer": "typer",
        "unsloth": "unsloth",
        "uvicorn": "uvicorn"
      }
    },
    "sqlite-vec": {
      "inputs": {
        "flake-lib": [
          "flake-lib"
        ],
        "flake-utils": [
          "flake-utils"
        ],
        "nixpkgs": [
          "nixpkgs"
        ]
      },
      "locked": {
        "lastModified": 1788955582,
        "narHash": "sha256-DQY83mlIEpgLU9anWG2xC6CGvgTnbCbJocaPM0Gkwzo=",
        "owner": "jgus-org",
        "repo": "sqlite-vec-flake",
        "rev": "fc82f5f76b8c6cebdb572a53ddcf7f77b739d2b1",
        "type": "github"
      },
      "original": {
        "owner": "jgus-org",
        "repo": "sqlite-vec-flake",
        "type": "github"
      }
    },
    "systems": {
      "locked": {
        "lastModified": 1681028828,
        "narHash": "sha256-Vy1rq5AaRuLzOxct8nz4T6wlgyUR7zLU309k9mBC768=",
        "owner": "nix-systems",
        "repo": "default",
        "rev": "da67096a3b9bf56a91d16901293e51ba5b49a27e",
        "type": "github"
      },
      "original": {
        "owner": "nix-systems",
        "repo": "default",
        "type": "github"
      }
    },
    "tokenizers": {
      "inputs": {
        "flake-lib": [
          "transformers",
          "flake-lib"
        ],
        "flake-utils": [
          "transformers",
          "flake-utils"
        ],
        "nixpkgs": [
          "transformers",
          "nixpkgs"
        ]
      },
      "locked": {
        "lastModified": 1788955983,
        "narHash": "sha256-rwFnPeMTacQPvs7MxLEPHVldo/YPRehXi1wqBV01jUY=",
        "owner": "jgus-org",
        "repo": "tokenizers-flake",
        "rev": "a13f953a0a7eac0870252be11779a9829e6909c0",
        "type": "github"
      },
      "original": {
        "owner": "jgus-org",
        "repo": "tokenizers-flake",
        "type": "github"
      }
    },
    "transformers": {
      "inputs": {
        "flake-lib": [
          "flake-lib"
        ],
        "flake-utils": [
          "flake-utils"
        ],
        "nixpkgs": [
          "nixpkgs"
        ],
        "tokenizers": "tokenizers"
      },
      "locked": {
        "lastModified": 1788956717,
        "narHash": "sha256-usbyJHBQ+nC1r0peJA3AhAeZ1h/R6HLM28EnzvLBru8=",
        "owner": "jgus-org",
        "repo": "transformers-flake",
        "rev": "697171fa062c0e891c2dd4ddad225fa9c87fe4e8",
        "type": "github"
      },
      "original": {
        "owner": "jgus-org",
        "repo": "transformers-flake",
        "type": "github"
      }
    },
    "typer": {
      "inputs": {
        "flake-lib": [
          "flake-lib"
        ],
        "flake-utils": [
          "flake-utils"
        ],
        "nixpkgs": [
          "nixpkgs"
        ]
      },
      "locked": {
        "lastModified": 1788956177,
        "narHash": "sha256-1AS+ftL88QAPkyRR1JTsaryKx1/RGo3GVF6kH5SkV4M=",
        "owner": "jgus-org",
        "repo": "typer-flake",
        "rev": "9520fe83c37ef8fdf90a420120ec7a1b57f895a0",
        "type": "github"
      },
      "original": {
        "owner": "jgus-org",
        "repo": "typer-flake",
        "type": "github"
      }
    },
    "unsloth": {
      "inputs": {
        "flake-lib": [
          "flake-lib"
        ],
        "flake-utils": [
          "flake-utils"
        ],
        "nixpkgs": [
          "nixpkgs"
        ],
        "unsloth-zoo": "unsloth-zoo"
      },
      "locked": {
        "lastModified": 1788956809,
        "narHash": "sha256-EzYghdxfX83I0V8FyqRp4WSZfZunWwQsoa3JAI+oFEo=",
        "owner": "jgus-org",
        "repo": "unsloth-flake",
        "rev": "3751928ec777e690f92eff67d73d68e3d0a0fa62",
        "type": "github"
      },
      "original": {
        "owner": "jgus-org",
        "repo": "unsloth-flake",
        "type": "github"
      }
    },
    "unsloth-zoo": {
      "inputs": {
        "flake-lib": [
          "unsloth",
          "flake-lib"
        ],
        "flake-utils": [
          "unsloth",
          "flake-utils"
        ],
        "nixpkgs": [
          "unsloth",
          "nixpkgs"
        ]
      },
      "locked": {
        "lastModified": 1788955733,
        "narHash": "sha256-rdU3UZoZtVp6FTEEu4kmOgQ4vGM3vL+l56tkA92o2Oc=",
        "owner": "jgus-org",
        "repo": "unsloth-zoo-flake",
        "rev": "1bc1cd962935f2b01bd37c30b6c160b020243e38",
        "type": "github"
      },
      "original": {
        "owner": "jgus-org",
        "repo": "unsloth-zoo-flake",
        "type": "github"
      }
    },
    "uvicorn": {
      "inputs": {
        "flake-lib": [
          "flake-lib"
        ],
        "flake-utils": [
          "flake-utils"
        ],
        "nixpkgs": [
          "nixpkgs"
        ]
      },
      "locked": {
        "lastModified": 1788955786,
        "narHash": "sha256-cELzfPWCnPtv7Q+y3IvMzBof343k0T0FuejuhP2r2eE=",
        "owner": "jgus-org",
        "repo": "uvicorn-flake",
        "rev": "f6d7123828e7ca4fb0b9bf6e162425475e8ee1b6",
        "type": "github"
      },
      "original": {
        "owner": "jgus-org",
        "repo": "uvicorn-flake",
        "type": "github"
      }
    }
  },
  "root": "root",
  "version": 7
}
